# This file is automatically @generated by Poetry 2.3.4 and should not be changed by hand.

[[package]]
name = "appdirs"
version = "1.4.4"
description = "A small Python module for determining appropriate platform-specific dirs, e.g. a \"user data dir\"."
optional = false
python-versions = "*"
groups = ["main"]
files = [
    {file = "appdirs-1.4.4-py2.py3-none-any.whl", hash = "sha256:a841dacd6b99318a741b166adb07e19ee71a274450e68237b4650ca1055ab128"},
    {file = "appdirs-1.4.4.tar.gz", hash = "sha256:7d5d0167b2b1ba821647616af46a749d1c653740dd0d2415100fe26e27afdf41"},
]

[[package]]
name = "click"
version = "8.1.8"
description = "Composable command line interface toolkit"
optional = false
python-versions = ">=3.7"
groups = ["main"]
files = [
    {file = "click-8.1.8-py3-none-any.whl", hash = "sha256:63c132bbbed01578a06712a2d1f497bb62d9c1c0d329b7903a866228027263b2"},
    {file = "click-8.1.8.tar.gz", hash = "sha256:ed53c9d8990d83c2a27deae68e4ee337473f6330c040a31d4225c9574d16096a"},
]

[package.dependencies]
colorama = {version = "*", markers = "platform_system == \"Windows\""}

[[package]]
name = "colorama"
version = "0.4.6"
description = "Cross-platform colored terminal text."
optional = false
python-versions = "!=3.0.*,!=3.1.*,!=3.2.*,!=3.3.*,!=3.4.*,!=3.5.*,!=3.6.*,>=2.7"
groups = ["main", "dev"]
files = [
    {file = "colorama-0.4.6-py2.py3-none-any.whl", hash = "sha256:4f1d9991f5acc0ca119f9d443620b77f9d6b33703e51011c16baf57afb285fc6"},
    {file = "colorama-0.4.6.tar.gz", hash = "sha256:08695f5cb7ed6e0531a20572697297273c47b8cae5a63ffc6d6ed5c201be6e44"},
]
markers = {main = "platform_system == \"Windows\"", dev = "sys_platform == \"win32\""}

[[package]]
name = "iniconfig"
version = "2.3.0"
description = "brain-dead simple config-ini parsing"
optional = false
python-versions = ">=3.10"
groups = ["dev"]
files = [
    {file = "iniconfig-2.3.0-py3-none-any.whl", hash = "sha256:f631c04d2c48c52b84d0d0549c99ff3859c98df65b3101406327ecc7d53fbf12"},
    {file = "iniconfig-2.3.0.tar.gz", hash = "sha256:c76315c77db068650d49c5b56314774a7804df16fee4402c1f19d6d15d8c4730"},
]

[[package]]
name = "markdown-it-py"
version = "3.0.0"
description = "Python port of markdown-it. Markdown parsing, done right!"
optional = false
python-versions = ">=3.8"
groups = ["main"]
files = [
    {file = "markdown-it-py-3.0.0.tar.gz", hash = "sha256:e3f60a94fa066dc52ec76661e37c851cb232d92f9886b15cb560aaada2df8feb"},
    {file = "markdown_it_py-3.0.0-py3-none-any.whl", hash = "sha256:355216845c60bd96232cd8d8c40e8f9765cc86f46880e43a8fd22dc1a1a8cab1"},
]

[package.dependencies]
mdurl = ">=0.1,<1.0"

[package.extras]
benchmarking = ["psutil", "pytest", "pytest-benchmark"]
code-style = ["pre-commit (>=3.0,<4.0)"]
compare = ["commonmark (>=0.9,<1.0)", "markdown (>=3.4,<4.0)", "mistletoe (>=1.0,<2.0)", "mistune (>=2.0,<3.0)", "panflute (>=2.3,<3.0)"]
linkify = ["linkify-it-py (>=1,<3)"]
plugins = ["mdit-py-plugins"]
profiling = ["gprof2dot"]
rtd = ["jupyter_sphinx", "mdit-py-plugins", "myst-parser", "pyyaml", "sphinx", "sphinx-copybutton", "sphinx-design", "sphinx_book_theme"]
testing = ["coverage", "pytest", "pytest-cov", "pytest-regressions"]

[[package]]
name = "mdurl"
version = "0.1.2"
description = "Markdown URL utilities"
optional = false
python-versions = ">=3.7"
groups = ["main"]
files = [
    {file = "mdurl-0.1.2-py3-none-any.whl", hash = "sha256:84008a41e51615a49fc9966191ff91509e3c40b939176e643fd50a5c2196b8f8"},
    {file = "mdurl-0.1.2.tar.gz", hash = "sha256:bb413d29f5eea38f31dd4754dd7377d4465116fb207585f97bf925588687c1ba"},
]

[[package]]
name = "miniupnpc"
version = "2.3.3"
description = "MiniUPnP IGD client"
optional = true
python-versions = "*"
groups = ["main"]
markers = "extra == \"public\""
files = [
    {file = "miniupnpc-2.3.3-cp310-cp310-macosx_13_0_arm64.whl", hash = "sha256:24de3f61f0c8debee7f1b601664c2b41c829788d173ea0798b92b1a303631476"},
    {file = "miniupnpc-2.3.3-cp310-cp310-macosx_13_0_universal2.whl", hash = "sha256:fe4d3ceae9d48bd7edb211f25b2e543bc0753934e921dc704a8a54c777ae2a32"},
    {file = "miniupnpc-2.3.3-cp310-cp310-macosx_13_0_x86_64.whl", hash = "sha256:1fa6b3543eb5c9164328513d5c350157f05a95cdb6d44a249078080d5c0ae9e6"},
    {file = "miniupnpc-2.3.3-cp310-cp310-manylinux_2_12_x86_64.manylinux2010_x86_64.whl", hash = "sha256:aae6157fb672e0b301f5757f8a2fadfe6745e5c5f9553cdc0cd72cd3fb0142bc"},
    {file = "miniupnpc-2.3.3-cp310-cp310-manylinux_2_17_aarch64.manylinux2014_aarch64.whl", hash = "sha256:20f388bdff03ff99c3ffe9d22ebe25c5c9f54bb0aa90fcd7643b2a3145a2b871"},
    {file = "miniupnpc-2.3.3-cp310-cp310-win32.whl", hash = "sha256:60af8afba0324b93a27117bc2e6c8f3e831c1de73c260bab0fadaf506e3f1f18"},
    {file = "miniupnpc-2.3.3-cp310-cp310-win_amd64.whl", hash = "sha256:20b77da4f97473abee8bace08983cefa6f3eb0346c0560301f810ad7585f3252"},
    {file = "miniupnpc-2.3.3-cp311-cp311-macosx_13_0_arm64.whl", hash = "sha256:131d03e395eeb5b4c8437ed60daeccbc72456dd95bc58c565519c492f387d2ce"},
    {file = "miniupnpc-2.3.3-cp311-cp311-macosx_13_0_universal2.whl", hash = "sha256:ab5f053366d2685e74eb915e06a55ee2dca35f8d8785deb150908e7d0d200ce5"},
    {file = "miniupnpc-2.3.3-cp311-cp311-macosx_13_0_x86_64.whl", hash = "sha256:2086b9c6f67ee50f1954e16d25bf097134a26abe2a0fc2ff9b5b69ad76d4f5b5"},
    {file = "miniupnpc-2.3.3-cp311-cp311-manylinux_2_17_aarch64.manylinux2014_aarch64.whl", hash = "sha256:b855a01fe521a3936ba3449c48b24b42dfb82b7569a4c9bbf394a5bcc975c416"},
    {file = "miniupnpc-2.3.3-cp311-cp311-manylinux_2_17_x86_64.manylinux2014_x86_64.whl", hash = "sha256:e07ea5c02d3e2ce9837149af337b06d6ebdbe158f028dfc1a2ebde40703a45da"},
    {file = "miniupnpc-2.3.3-cp311-cp311-win32.whl", hash = "sha256:09e3fbfd7e0fcd76c425291107d38b2718c726c026e393d7a57815757940e017"},
    {file = "miniupnpc-2.3.3-cp311-cp311-win_amd64.whl", hash = "sha256:19958caa3830a86fc4a0bdca35d30fd07b5d565ba136d9fb26823d14edb216d4"},
    {file = "miniupnpc-2.3.3-cp312-cp312-macosx_13_0_arm64.whl", hash = "sha256:cf14a95c5fcd83c495b91cf40cf7b6d985742e626fa44d9b1e9e222938991d20"},
    {file = "miniupnpc-2.3.3-cp312-cp312-macosx_13_0_universal2.whl", hash = "sha256:77c2e9bab5bbe9d3e5cc456b373182e4a419fc96ab07dc98bc52013ceb9536d2"},
    {file = "miniupnpc-2.3.3-cp312-cp312-macosx_13_0_x86_64.whl", hash = "sha256:dc64e972a7a24c2837ce848e76ee5c2920d7eececc9f37b092b30d7469ce2819"},
    {file = "miniupnpc-2.3.3-cp312-cp312-manylinux_2_17_aarch64.manylinux2014_aarch64.whl", hash = "sha256:4b86e5b476b82d15d617d948eb07c1c0b3c23531b09d35991d85d2f68c1e5304"},
    {file = "miniupnpc-2.3.3-cp312-cp312-manylinux_2_17_x86_64.manylinux2014_x86_64.whl", hash = "sha256:5f1c74d6c49f93d090adb40351f5d402e0d15bd3ccb84af12fd0fe86b43ccf88"},
    {file = "miniupnpc-2.3.3-cp312-cp312-win32.whl", hash = "sha256:4416e3e2d24e2741f05cb602f8864dc3a3f86063a94a668c16d5d59b323b2f87"},
    {file = "miniupnpc-2.3.3-cp312-cp312-win_amd64.whl", hash = "sha256:117ab34081a9b70ee7fe9b5dfe3dd7498a7cb07d30c2462b2ef0cd9cdb7426ce"},
    {file = "miniupnpc-2.3.3-cp313-cp313-macosx_13_0_arm64.whl", hash = "sha256:7ba6d2bc1809f6699ce151455ce58c0a26f7d1a6febc0175c10b990b2bf9cf75"},
    {file = "miniupnpc-2.3.3-cp313-cp313-macosx_13_0_universal2.whl", hash = "sha256:6d606171dbe9b8ceb9cc5d9eb07035013a9ff2b58704a55466deec53795006d6"},
    {file = "miniupnpc-2.3.3-cp313-cp313-macosx_13_0_x86_64.whl", hash = "sha256:1bdf467cd1b656750f2f011b0ab8971cf726b3e8a454189f85e551f1a03bbf7f"},
    {file = "miniupnpc-2.3.3-cp313-cp313-manylinux_2_17_aarch64.manylinux2014_aarch64.whl", hash = "sha256:191013f4533e5eece06292ea1f5a692de0f5daa436b5d2774ed72eb56014f4d1"},
    {file = "miniupnpc-2.3.3-cp313-cp313-manylinux_2_17_x86_64.manylinux2014_x86_64.whl", hash = "sha256:56f2818da9a13dfd80e3e5f3a6036f27f2eec0f0fa0c6657ffa9bdc0d331bdf0"},
    {file = "miniupnpc-2.3.3-cp313-cp313-win32.whl", hash = "sha256:19e01f00cdcf63d98b19b75756ebc199dffe69bf33e55828241dbebeb385f61b"},
    {file = "miniupnpc-2.3.3-cp313-cp313-win_amd64.whl", hash = "sha256:53f7f1aae294754db13e7f109c34137d6c00640597aa66f66d4ca57aae1b12b9"},
    {file = "miniupnpc-2.3.3-cp39-cp39-macosx_13_0_universal2.whl", hash = "sha256:dfb70827a3881bcd97dd28f54e56448906c0ed9a54829409f5e999bebe9aa2ff"},
    {file = "miniupnpc-2.3.3-cp39-cp39-macosx_13_0_x86_64.whl", hash = "sha256:5e28ea6ee01cbd67f653d292b54b21c4eb9c4bc1c0bc8633e1126145132ddfef"},
    {file = "miniupnpc-2.3.3-cp39-cp39-manylinux_2_12_x86_64.manylinux2010_x86_64.whl", hash = "sha256:0fe402082568e9631a556ba7647799a1d1439f8b083a32dcabdb0a246981ac59"},
    {file = "miniupnpc-2.3.3-cp39-cp39-manylinux_2_17_aarch64.manylinux2014_aarch64.whl", hash = "sha256:c8463bfc14b6a43441c770edac31f9e4a75d401a1e4c8978171f881b4e2c4156"},
    {file = "miniupnpc-2.3.3-cp39-cp39-win32.whl", hash = "sha256:54342cd9464af9d72ba68afbad055a52527b3224b478b6ee0a87fc24644eae01"},
    {file = "miniupnpc-2.3.3-cp39-cp39-win_amd64.whl", hash = "sha256:d3a4288969e79544dc51bfcc590695aae0316191ce346195a2f0c2066c8648d8"},
    {file = "miniupnpc-2.3.3.tar.gz", hash = "sha256:ee5e957df828d2fa1cc364e60c583d10439110888f086c9182071c96a374b2ad"},
]

[[package]]
name = "packaging"
version = "26.2"
description = "Core utilities for Python packages"
optional = false
python-versions = ">=3.8"
groups = ["dev"]
files = [
    {file = "packaging-26.2-py3-none-any.whl", hash = "sha256:5fc45236b9446107ff2415ce77c807cee2862cb6fac22b8a73826d0693b0980e"},
    {file = "packaging-26.2.tar.gz", hash = "sha256:ff452ff5a3e828ce110190feff1178bb1f2ea2281fa2075aadb987c2fb221661"},
]

[[package]]
name = "pluggy"
version = "1.6.0"
description = "plugin and hook calling mechanisms for python"
optional = false
python-versions = ">=3.9"
groups = ["dev"]
files = [
    {file = "pluggy-1.6.0-py3-none-any.whl", hash = "sha256:e920276dd6813095e9377c0bc5566d94c932c33b27a3e3945d8389c374dd4746"},
    {file = "pluggy-1.6.0.tar.gz", hash = "sha256:7dcc130b76258d33b90f61b658791dede3486c3e6bfb003ee5c9bfb396dd22f3"},
]

[package.extras]
dev = ["pre-commit", "tox"]
testing = ["coverage", "pytest", "pytest-benchmark"]

[[package]]
name = "pygments"
version = "2.20.0"
description = "Pygments is a syntax highlighting package written in Python."
optional = false
python-versions = ">=3.9"
groups = ["dev"]
files = [
    {file = "pygments-2.20.0-py3-none-any.whl", hash = "sha256:81a9e26dd42fd28a23a2d169d86d7ac03b46e2f8b59ed4698fb4785f946d0176"},
    {file = "pygments-2.20.0.tar.gz", hash = "sha256:6757cd03768053ff99f3039c1a36d6c0aa0b263438fcab17520b30a303a82b5f"},
]

[package.extras]
windows-terminal = ["colorama (>=0.4.6)"]

[[package]]
name = "pytest"
version = "9.0.3"
description = "pytest: simple powerful testing with Python"
optional = false
python-versions = ">=3.10"
groups = ["dev"]
files = [
    {file = "pytest-9.0.3-py3-none-any.whl", hash = "sha256:2c5efc453d45394fdd706ade797c0a81091eccd1d6e4bccfcd476e2b8e0ab5d9"},
    {file = "pytest-9.0.3.tar.gz", hash = "sha256:b86ada508af81d19edeb213c681b1d48246c1a91d304c6c81a427674c17eb91c"},
]

[package.dependencies]
colorama = {version = ">=0.4", markers = "sys_platform == \"win32\""}
iniconfig = ">=1.0.1"
packaging = ">=22"
pluggy = ">=1.5,<2"
pygments = ">=2.7.2"

[package.extras]
dev = ["argcomplete", "attrs (>=19.2)", "hypothesis (>=3.56)", "mock", "requests", "setuptools", "xmlschema"]

[[package]]
name = "segno"
version = "1.6.6"
description = "QR Code and Micro QR Code generator for Python"
optional = false
python-versions = ">=3.5"
groups = ["main"]
files = [
    {file = "segno-1.6.6-py3-none-any.whl", hash = "sha256:28c7d081ed0cf935e0411293a465efd4d500704072cdb039778a2ab8736190c7"},
    {file = "segno-1.6.6.tar.gz", hash = "sha256:e60933afc4b52137d323a4434c8340e0ce1e58cec71439e46680d4db188f11b3"},
]

[[package]]
name = "typer"
version = "0.7.0"
description = "Typer, build great CLIs. Easy to code. Based on Python type hints."
optional = false
python-versions = ">=3.6"
groups = ["main"]
files = [
    {file = "typer-0.7.0-py3-none-any.whl", hash = "sha256:b5e704f4e48ec263de1c0b3a2387cd405a13767d2f907f44c1a08cbad96f606d"},
    {file = "typer-0.7.0.tar.gz", hash = "sha256:ff797846578a9f2a201b53442aedeb543319466870fbe1c701eab66dd7681165"},
]

[package.dependencies]
click = ">=7.1.1,<9.0.0"

[package.extras]
all = ["colorama (>=0.4.3,<0.5.0)", "rich (>=10.11.0,<13.0.0)", "shellingham (>=1.3.0,<2.0.0)"]
dev = ["autoflake (>=1.3.1,<2.0.0)", "flake8 (>=3.8.3,<4.0.0)", "pre-commit (>=2.17.0,<3.0.0)"]
doc = ["cairosvg (>=2.5.2,<3.0.0)", "mdx-include (>=1.4.1,<2.0.0)", "mkdocs (>=1.1.2,<2.0.0)", "mkdocs-material (>=8.1.4,<9.0.0)", "pillow (>=9.3.0,<10.0.0)"]
test = ["black (>=22.3.0,<23.0.0)", "coverage (>=6.2,<7.0)", "isort (>=5.0.6,<6.0.0)", "mypy (==0.910)", "pytest (>=4.4.0,<8.0.0)", "pytest-cov (>=2.10.0,<5.0.0)", "pytest-sugar (>=0.9.4,<0.10.0)", "pytest-xdist (>=1.32.0,<4.0.0)", "rich (>=10.11.0,<13.0.0)", "shellingham (>=1.3.0,<2.0.0)"]

[[package]]
name = "typerconf"
version = "1.13"
description = "Library to read and write configs using API and CLI with Typer"
optional = false
python-versions = ">=3.7,<4.0"
groups = ["main"]
files = [
    {file = "typerconf-1.13-py3-none-any.whl", hash = "sha256:40712dd584e2ad0826878e3fea1d3f9d325161660e7899e8901112f86328440d"},
    {file = "typerconf-1.13.tar.gz", hash = "sha256:5d592e652cd8b13b15a682f759847c1502b40f35c14f3c90fb7ab3884aaccdd1"},
]

[package.dependencies]
appdirs = ">=1.4.4,<2.0.0"
typer = ">=0.7.0,<0.8.0"

[extras]
public = ["miniupnpc"]

[metadata]
lock-version = "2.1"
python-versions = ">=3.13,<4.0"
content-hash = "82656f9e53c98c7b10857af706295a355eb9b28c3cdc0b988dc5541f5659a0f8"
